
Microsoft Visual Studio Solution File, Format Version 12.00
# Visual Studio 2013
VisualStudioVersion = 12.0.21005.1
MinimumVisualStudioVersion = 10.0.40219.1
Project("{8BC9CEB8-8B4A-11D0-8D11-00A0C91BC942}") = "DNSkyProject", "DNSkyProject\DNSkyProject.vcxproj", "{CF4236CC-3B44-4D3A-BC09-2F8D644AAA5F}"
EndProject
Project("{8BC9CEB8-8B4A-11D0-8D11-00A0C91BC942}") = "DNPakCrypto", "DNPakCrypto\DNPakCrypto\DNPakCrypto.vcxproj", "{43FB02C0-A293-4704-8D07-457545331023}"
EndProject
Project("{8BC9CEB8-8B4A-11D0-8D11-00A0C91BC942}") = "RLKTGuard", "RLKTGuard\RLKTGuard.vcxproj", "{D3A6F417-064A-4074-93A8-044D1BBE930D}"
EndProject
Global
	GlobalSection(SolutionConfigurationPlatforms) = preSolution
		AR_R_AH_PAK|Win32 = AR_R_AH_PAK|Win32
		AR_R_AH_PAK|x64 = AR_R_AH_PAK|x64
		CA_R_AH|Win32 = CA_R_AH|Win32
		CA_R_AH|x64 = CA_R_AH|x64
		CHN_D|Win32 = CHN_D|Win32
		CHN_D|x64 = CHN_D|x64
		CHN_R_AH|Win32 = CHN_R_AH|Win32
		CHN_R_AH|x64 = CHN_R_AH|x64
		CHN_SD|Win32 = CHN_SD|Win32
		CHN_SD|x64 = CHN_SD|x64
		CHN_SRC_R_AH|Win32 = CHN_SRC_R_AH|Win32
		CHN_SRC_R_AH|x64 = CHN_SRC_R_AH|x64
		CHN_TNT_D|Win32 = CHN_TNT_D|Win32
		CHN_TNT_D|x64 = CHN_TNT_D|x64
		CHN_TNT|Win32 = CHN_TNT|Win32
		CHN_TNT|x64 = CHN_TNT|x64
		Debug|Win32 = Debug|Win32
		Debug|x64 = Debug|x64
		GUARD_RELEASE|Win32 = GUARD_RELEASE|Win32
		GUARD_RELEASE|x64 = GUARD_RELEASE|x64
		Mac|Win32 = Mac|Win32
		Mac|x64 = Mac|x64
		MSTERE_D|Win32 = MSTERE_D|Win32
		MSTERE_D|x64 = MSTERE_D|x64
		MSTERE_R_AH|Win32 = MSTERE_R_AH|Win32
		MSTERE_R_AH|x64 = MSTERE_R_AH|x64
		Release|Win32 = Release|Win32
		Release|x64 = Release|x64
		ReleaseRU|Win32 = ReleaseRU|Win32
		ReleaseRU|x64 = ReleaseRU|x64
		RO_D|Win32 = RO_D|Win32
		RO_D|x64 = RO_D|x64
		RO_R_AH|Win32 = RO_R_AH|Win32
		RO_R_AH|x64 = RO_R_AH|x64
		RO_R|Win32 = RO_R|Win32
		RO_R|x64 = RO_R|x64
		RO_RD_AH|Win32 = RO_RD_AH|Win32
		RO_RD_AH|x64 = RO_RD_AH|x64
		RO_RELEASE|Win32 = RO_RELEASE|Win32
		RO_RELEASE|x64 = RO_RELEASE|x64
		RU_D|Win32 = RU_D|Win32
		RU_D|x64 = RU_D|x64
		RU_R|Win32 = RU_R|Win32
		RU_R|x64 = RU_R|x64
		THA_DEBUG|Win32 = THA_DEBUG|Win32
		THA_DEBUG|x64 = THA_DEBUG|x64
		THA_R_AH_PAK|Win32 = THA_R_AH_PAK|Win32
		THA_R_AH_PAK|x64 = THA_R_AH_PAK|x64
		VTM_R|Win32 = VTM_R|Win32
		VTM_R|x64 = VTM_R|x64
	EndGlobalSection
	GlobalSection(ProjectConfigurationPlatforms) = postSolution
		{CF4236CC-3B44-4D3A-BC09-2F8D644AAA5F}.AR_R_AH_PAK|Win32.ActiveCfg = AR_R_AH_PAK|Win32
		{CF4236CC-3B44-4D3A-BC09-2F8D644AAA5F}.AR_R_AH_PAK|Win32.Build.0 = AR_R_AH_PAK|Win32
		{CF4236CC-3B44-4D3A-BC09-2F8D644AAA5F}.AR_R_AH_PAK|x64.ActiveCfg = AR_R_AH_PAK|Win32
		{CF4236CC-3B44-4D3A-BC09-2F8D644AAA5F}.CA_R_AH|Win32.ActiveCfg = CA_R_AH|Win32
		{CF4236CC-3B44-4D3A-BC09-2F8D644AAA5F}.CA_R_AH|Win32.Build.0 = CA_R_AH|Win32
		{CF4236CC-3B44-4D3A-BC09-2F8D644AAA5F}.CA_R_AH|x64.ActiveCfg = CA_R_AH|Win32
		{CF4236CC-3B44-4D3A-BC09-2F8D644AAA5F}.CHN_D|Win32.ActiveCfg = CHN_D|Win32
		{CF4236CC-3B44-4D3A-BC09-2F8D644AAA5F}.CHN_D|Win32.Build.0 = CHN_D|Win32
		{CF4236CC-3B44-4D3A-BC09-2F8D644AAA5F}.CHN_D|x64.ActiveCfg = CHN_D|Win32
		{CF4236CC-3B44-4D3A-BC09-2F8D644AAA5F}.CHN_R_AH|Win32.ActiveCfg = CHN_R_AH|Win32
		{CF4236CC-3B44-4D3A-BC09-2F8D644AAA5F}.CHN_R_AH|Win32.Build.0 = CHN_R_AH|Win32
		{CF4236CC-3B44-4D3A-BC09-2F8D644AAA5F}.CHN_R_AH|x64.ActiveCfg = CHN_R_AH|Win32
		{CF4236CC-3B44-4D3A-BC09-2F8D644AAA5F}.CHN_SD|Win32.ActiveCfg = CHN_SD|Win32
		{CF4236CC-3B44-4D3A-BC09-2F8D644AAA5F}.CHN_SD|Win32.Build.0 = CHN_SD|Win32
		{CF4236CC-3B44-4D3A-BC09-2F8D644AAA5F}.CHN_SD|x64.ActiveCfg = CHN_SD|Win32
		{CF4236CC-3B44-4D3A-BC09-2F8D644AAA5F}.CHN_SRC_R_AH|Win32.ActiveCfg = CHN_SRC_R_AH|Win32
		{CF4236CC-3B44-4D3A-BC09-2F8D644AAA5F}.CHN_SRC_R_AH|Win32.Build.0 = CHN_SRC_R_AH|Win32
		{CF4236CC-3B44-4D3A-BC09-2F8D644AAA5F}.CHN_SRC_R_AH|x64.ActiveCfg = CHN_SRC_R_AH|Win32
		{CF4236CC-3B44-4D3A-BC09-2F8D644AAA5F}.CHN_TNT_D|Win32.ActiveCfg = CHN_TNT_D|Win32
		{CF4236CC-3B44-4D3A-BC09-2F8D644AAA5F}.CHN_TNT_D|Win32.Build.0 = CHN_TNT_D|Win32
		{CF4236CC-3B44-4D3A-BC09-2F8D644AAA5F}.CHN_TNT_D|x64.ActiveCfg = CHN_TNT_D|Win32
		{CF4236CC-3B44-4D3A-BC09-2F8D644AAA5F}.CHN_TNT|Win32.ActiveCfg = CHN_TNT|Win32
		{CF4236CC-3B44-4D3A-BC09-2F8D644AAA5F}.CHN_TNT|Win32.Build.0 = CHN_TNT|Win32
		{CF4236CC-3B44-4D3A-BC09-2F8D644AAA5F}.CHN_TNT|x64.ActiveCfg = CHN_TNT|Win32
		{CF4236CC-3B44-4D3A-BC09-2F8D644AAA5F}.Debug|Win32.ActiveCfg = Debug|Win32
		{CF4236CC-3B44-4D3A-BC09-2F8D644AAA5F}.Debug|Win32.Build.0 = Debug|Win32
		{CF4236CC-3B44-4D3A-BC09-2F8D644AAA5F}.Debug|x64.ActiveCfg = Debug|Win32
		{CF4236CC-3B44-4D3A-BC09-2F8D644AAA5F}.GUARD_RELEASE|Win32.ActiveCfg = VTM_R|Win32
		{CF4236CC-3B44-4D3A-BC09-2F8D644AAA5F}.GUARD_RELEASE|Win32.Build.0 = VTM_R|Win32
		{CF4236CC-3B44-4D3A-BC09-2F8D644AAA5F}.GUARD_RELEASE|x64.ActiveCfg = VTM_R|Win32
		{CF4236CC-3B44-4D3A-BC09-2F8D644AAA5F}.Mac|Win32.ActiveCfg = RU_R|Win32
		{CF4236CC-3B44-4D3A-BC09-2F8D644AAA5F}.Mac|Win32.Build.0 = RU_R|Win32
		{CF4236CC-3B44-4D3A-BC09-2F8D644AAA5F}.Mac|x64.ActiveCfg = RU_R|Win32
		{CF4236CC-3B44-4D3A-BC09-2F8D644AAA5F}.MSTERE_D|Win32.ActiveCfg = MSTERE_D|Win32
		{CF4236CC-3B44-4D3A-BC09-2F8D644AAA5F}.MSTERE_D|Win32.Build.0 = MSTERE_D|Win32
		{CF4236CC-3B44-4D3A-BC09-2F8D644AAA5F}.MSTERE_D|x64.ActiveCfg = MSTERE_D|Win32
		{CF4236CC-3B44-4D3A-BC09-2F8D644AAA5F}.MSTERE_R_AH|Win32.ActiveCfg = MSTERE_R_AH|Win32
		{CF4236CC-3B44-4D3A-BC09-2F8D644AAA5F}.MSTERE_R_AH|Win32.Build.0 = MSTERE_R_AH|Win32
		{CF4236CC-3B44-4D3A-BC09-2F8D644AAA5F}.MSTERE_R_AH|x64.ActiveCfg = MSTERE_R_AH|Win32
		{CF4236CC-3B44-4D3A-BC09-2F8D644AAA5F}.Release|Win32.ActiveCfg = Release|Win32
		{CF4236CC-3B44-4D3A-BC09-2F8D644AAA5F}.Release|Win32.Build.0 = Release|Win32
		{CF4236CC-3B44-4D3A-BC09-2F8D644AAA5F}.Release|x64.ActiveCfg = Release|Win32
		{CF4236CC-3B44-4D3A-BC09-2F8D644AAA5F}.ReleaseRU|Win32.ActiveCfg = Release|Win32
		{CF4236CC-3B44-4D3A-BC09-2F8D644AAA5F}.ReleaseRU|Win32.Build.0 = Release|Win32
		{CF4236CC-3B44-4D3A-BC09-2F8D644AAA5F}.ReleaseRU|x64.ActiveCfg = Release|Win32
		{CF4236CC-3B44-4D3A-BC09-2F8D644AAA5F}.RO_D|Win32.ActiveCfg = RO_D|Win32
		{CF4236CC-3B44-4D3A-BC09-2F8D644AAA5F}.RO_D|Win32.Build.0 = RO_D|Win32
		{CF4236CC-3B44-4D3A-BC09-2F8D644AAA5F}.RO_D|x64.ActiveCfg = RO_D|Win32
		{CF4236CC-3B44-4D3A-BC09-2F8D644AAA5F}.RO_R_AH|Win32.ActiveCfg = RO_R_AH|Win32
		{CF4236CC-3B44-4D3A-BC09-2F8D644AAA5F}.RO_R_AH|Win32.Build.0 = RO_R_AH|Win32
		{CF4236CC-3B44-4D3A-BC09-2F8D644AAA5F}.RO_R_AH|x64.ActiveCfg = RO_R_AH|Win32
		{CF4236CC-3B44-4D3A-BC09-2F8D644AAA5F}.RO_R|Win32.ActiveCfg = RO_R|Win32
		{CF4236CC-3B44-4D3A-BC09-2F8D644AAA5F}.RO_R|Win32.Build.0 = RO_R|Win32
		{CF4236CC-3B44-4D3A-BC09-2F8D644AAA5F}.RO_R|x64.ActiveCfg = RO_R|Win32
		{CF4236CC-3B44-4D3A-BC09-2F8D644AAA5F}.RO_RD_AH|Win32.ActiveCfg = RO_RD_AH|Win32
		{CF4236CC-3B44-4D3A-BC09-2F8D644AAA5F}.RO_RD_AH|Win32.Build.0 = RO_RD_AH|Win32
		{CF4236CC-3B44-4D3A-BC09-2F8D644AAA5F}.RO_RD_AH|x64.ActiveCfg = RO_RD_AH|Win32
		{CF4236CC-3B44-4D3A-BC09-2F8D644AAA5F}.RO_RELEASE|Win32.ActiveCfg = RO_R|Win32
		{CF4236CC-3B44-4D3A-BC09-2F8D644AAA5F}.RO_RELEASE|Win32.Build.0 = RO_R|Win32
		{CF4236CC-3B44-4D3A-BC09-2F8D644AAA5F}.RO_RELEASE|x64.ActiveCfg = RO_R|Win32
		{CF4236CC-3B44-4D3A-BC09-2F8D644AAA5F}.RU_D|Win32.ActiveCfg = RU_D|Win32
		{CF4236CC-3B44-4D3A-BC09-2F8D644AAA5F}.RU_D|Win32.Build.0 = RU_D|Win32
		{CF4236CC-3B44-4D3A-BC09-2F8D644AAA5F}.RU_D|x64.ActiveCfg = RU_D|Win32
		{CF4236CC-3B44-4D3A-BC09-2F8D644AAA5F}.RU_R|Win32.ActiveCfg = RU_R|Win32
		{CF4236CC-3B44-4D3A-BC09-2F8D644AAA5F}.RU_R|Win32.Build.0 = RU_R|Win32
		{CF4236CC-3B44-4D3A-BC09-2F8D644AAA5F}.RU_R|x64.ActiveCfg = RU_R|Win32
		{CF4236CC-3B44-4D3A-BC09-2F8D644AAA5F}.THA_DEBUG|Win32.ActiveCfg = THA_DEBUG|Win32
		{CF4236CC-3B44-4D3A-BC09-2F8D644AAA5F}.THA_DEBUG|Win32.Build.0 = THA_DEBUG|Win32
		{CF4236CC-3B44-4D3A-BC09-2F8D644AAA5F}.THA_DEBUG|x64.ActiveCfg = THA_DEBUG|Win32
		{CF4236CC-3B44-4D3A-BC09-2F8D644AAA5F}.THA_R_AH_PAK|Win32.ActiveCfg = THA_R_AH_PAK|Win32
		{CF4236CC-3B44-4D3A-BC09-2F8D644AAA5F}.THA_R_AH_PAK|Win32.Build.0 = THA_R_AH_PAK|Win32
		{CF4236CC-3B44-4D3A-BC09-2F8D644AAA5F}.THA_R_AH_PAK|x64.ActiveCfg = THA_R_AH_PAK|Win32
		{CF4236CC-3B44-4D3A-BC09-2F8D644AAA5F}.VTM_R|Win32.ActiveCfg = VTM_R|Win32
		{CF4236CC-3B44-4D3A-BC09-2F8D644AAA5F}.VTM_R|x64.ActiveCfg = VTM_R|Win32
		{43FB02C0-A293-4704-8D07-457545331023}.AR_R_AH_PAK|Win32.ActiveCfg = ReleaseRU|Win32
		{43FB02C0-A293-4704-8D07-457545331023}.AR_R_AH_PAK|Win32.Build.0 = ReleaseRU|Win32
		{43FB02C0-A293-4704-8D07-457545331023}.AR_R_AH_PAK|x64.ActiveCfg = ReleaseRU|x64
		{43FB02C0-A293-4704-8D07-457545331023}.AR_R_AH_PAK|x64.Build.0 = ReleaseRU|x64
		{43FB02C0-A293-4704-8D07-457545331023}.CA_R_AH|Win32.ActiveCfg = CA_R_AH|Win32
		{43FB02C0-A293-4704-8D07-457545331023}.CA_R_AH|Win32.Build.0 = CA_R_AH|Win32
		{43FB02C0-A293-4704-8D07-457545331023}.CA_R_AH|x64.ActiveCfg = CA_R_AH|x64
		{43FB02C0-A293-4704-8D07-457545331023}.CA_R_AH|x64.Build.0 = CA_R_AH|x64
		{43FB02C0-A293-4704-8D07-457545331023}.CHN_D|Win32.ActiveCfg = CHN_D|Win32
		{43FB02C0-A293-4704-8D07-457545331023}.CHN_D|Win32.Build.0 = CHN_D|Win32
		{43FB02C0-A293-4704-8D07-457545331023}.CHN_D|x64.ActiveCfg = CHN_D|x64
		{43FB02C0-A293-4704-8D07-457545331023}.CHN_D|x64.Build.0 = CHN_D|x64
		{43FB02C0-A293-4704-8D07-457545331023}.CHN_R_AH|Win32.ActiveCfg = CHN_R_AH|Win32
		{43FB02C0-A293-4704-8D07-457545331023}.CHN_R_AH|Win32.Build.0 = CHN_R_AH|Win32
		{43FB02C0-A293-4704-8D07-457545331023}.CHN_R_AH|x64.ActiveCfg = CHN_R_AH|x64
		{43FB02C0-A293-4704-8D07-457545331023}.CHN_R_AH|x64.Build.0 = CHN_R_AH|x64
		{43FB02C0-A293-4704-8D07-457545331023}.CHN_SD|Win32.ActiveCfg = CHN_SD|Win32
		{43FB02C0-A293-4704-8D07-457545331023}.CHN_SD|Win32.Build.0 = CHN_SD|Win32
		{43FB02C0-A293-4704-8D07-457545331023}.CHN_SD|x64.ActiveCfg = CHN_SD|x64
		{43FB02C0-A293-4704-8D07-457545331023}.CHN_SD|x64.Build.0 = CHN_SD|x64
		{43FB02C0-A293-4704-8D07-457545331023}.CHN_SRC_R_AH|Win32.ActiveCfg = CHN_SRC_R_AH|Win32
		{43FB02C0-A293-4704-8D07-457545331023}.CHN_SRC_R_AH|Win32.Build.0 = CHN_SRC_R_AH|Win32
		{43FB02C0-A293-4704-8D07-457545331023}.CHN_SRC_R_AH|x64.ActiveCfg = CHN_SRC_R_AH|x64
		{43FB02C0-A293-4704-8D07-457545331023}.CHN_SRC_R_AH|x64.Build.0 = CHN_SRC_R_AH|x64
		{43FB02C0-A293-4704-8D07-457545331023}.CHN_TNT_D|Win32.ActiveCfg = CHN_TNT_D|Win32
		{43FB02C0-A293-4704-8D07-457545331023}.CHN_TNT_D|Win32.Build.0 = CHN_TNT_D|Win32
		{43FB02C0-A293-4704-8D07-457545331023}.CHN_TNT_D|x64.ActiveCfg = CHN_TNT_D|x64
		{43FB02C0-A293-4704-8D07-457545331023}.CHN_TNT_D|x64.Build.0 = CHN_TNT_D|x64
		{43FB02C0-A293-4704-8D07-457545331023}.CHN_TNT|Win32.ActiveCfg = CHN_TNT|Win32
		{43FB02C0-A293-4704-8D07-457545331023}.CHN_TNT|Win32.Build.0 = CHN_TNT|Win32
		{43FB02C0-A293-4704-8D07-457545331023}.CHN_TNT|x64.ActiveCfg = CHN_TNT|x64
		{43FB02C0-A293-4704-8D07-457545331023}.CHN_TNT|x64.Build.0 = CHN_TNT|x64
		{43FB02C0-A293-4704-8D07-457545331023}.Debug|Win32.ActiveCfg = Debug|Win32
		{43FB02C0-A293-4704-8D07-457545331023}.Debug|Win32.Build.0 = Debug|Win32
		{43FB02C0-A293-4704-8D07-457545331023}.Debug|x64.ActiveCfg = Debug|x64
		{43FB02C0-A293-4704-8D07-457545331023}.Debug|x64.Build.0 = Debug|x64
		{43FB02C0-A293-4704-8D07-457545331023}.GUARD_RELEASE|Win32.ActiveCfg = VTM_R|Win32
		{43FB02C0-A293-4704-8D07-457545331023}.GUARD_RELEASE|Win32.Build.0 = VTM_R|Win32
		{43FB02C0-A293-4704-8D07-457545331023}.GUARD_RELEASE|x64.ActiveCfg = VTM_R|x64
		{43FB02C0-A293-4704-8D07-457545331023}.GUARD_RELEASE|x64.Build.0 = VTM_R|x64
		{43FB02C0-A293-4704-8D07-457545331023}.Mac|Win32.ActiveCfg = Mac|Win32
		{43FB02C0-A293-4704-8D07-457545331023}.Mac|Win32.Build.0 = Mac|Win32
		{43FB02C0-A293-4704-8D07-457545331023}.Mac|x64.ActiveCfg = Mac|x64
		{43FB02C0-A293-4704-8D07-457545331023}.Mac|x64.Build.0 = Mac|x64
		{43FB02C0-A293-4704-8D07-457545331023}.MSTERE_D|Win32.ActiveCfg = MSTERE_D|Win32
		{43FB02C0-A293-4704-8D07-457545331023}.MSTERE_D|Win32.Build.0 = MSTERE_D|Win32
		{43FB02C0-A293-4704-8D07-457545331023}.MSTERE_D|x64.ActiveCfg = MSTERE_D|x64
		{43FB02C0-A293-4704-8D07-457545331023}.MSTERE_D|x64.Build.0 = MSTERE_D|x64
		{43FB02C0-A293-4704-8D07-457545331023}.MSTERE_R_AH|Win32.ActiveCfg = MSTERE_R_AH|Win32
		{43FB02C0-A293-4704-8D07-457545331023}.MSTERE_R_AH|Win32.Build.0 = MSTERE_R_AH|Win32
		{43FB02C0-A293-4704-8D07-457545331023}.MSTERE_R_AH|x64.ActiveCfg = MSTERE_R_AH|x64
		{43FB02C0-A293-4704-8D07-457545331023}.MSTERE_R_AH|x64.Build.0 = MSTERE_R_AH|x64
		{43FB02C0-A293-4704-8D07-457545331023}.Release|Win32.ActiveCfg = Release|Win32
		{43FB02C0-A293-4704-8D07-457545331023}.Release|Win32.Build.0 = Release|Win32
		{43FB02C0-A293-4704-8D07-457545331023}.Release|x64.ActiveCfg = Release|Win32
		{43FB02C0-A293-4704-8D07-457545331023}.Release|x64.Build.0 = Release|Win32
		{43FB02C0-A293-4704-8D07-457545331023}.ReleaseRU|Win32.ActiveCfg = ReleaseRU|Win32
		{43FB02C0-A293-4704-8D07-457545331023}.ReleaseRU|Win32.Build.0 = ReleaseRU|Win32
		{43FB02C0-A293-4704-8D07-457545331023}.ReleaseRU|x64.ActiveCfg = ReleaseRU|x64
		{43FB02C0-A293-4704-8D07-457545331023}.ReleaseRU|x64.Build.0 = ReleaseRU|x64
		{43FB02C0-A293-4704-8D07-457545331023}.RO_D|Win32.ActiveCfg = RO_RELEASE|Win32
		{43FB02C0-A293-4704-8D07-457545331023}.RO_D|Win32.Build.0 = RO_RELEASE|Win32
		{43FB02C0-A293-4704-8D07-457545331023}.RO_D|x64.ActiveCfg = RO_RELEASE|x64
		{43FB02C0-A293-4704-8D07-457545331023}.RO_D|x64.Build.0 = RO_RELEASE|x64
		{43FB02C0-A293-4704-8D07-457545331023}.RO_R_AH|Win32.ActiveCfg = RO_RELEASE|Win32
		{43FB02C0-A293-4704-8D07-457545331023}.RO_R_AH|Win32.Build.0 = RO_RELEASE|Win32
		{43FB02C0-A293-4704-8D07-457545331023}.RO_R_AH|x64.ActiveCfg = RO_RELEASE|Win32
		{43FB02C0-A293-4704-8D07-457545331023}.RO_R_AH|x64.Build.0 = RO_RELEASE|Win32
		{43FB02C0-A293-4704-8D07-457545331023}.RO_R|Win32.ActiveCfg = RO_RELEASE|Win32
		{43FB02C0-A293-4704-8D07-457545331023}.RO_R|Win32.Build.0 = RO_RELEASE|Win32
		{43FB02C0-A293-4704-8D07-457545331023}.RO_R|x64.ActiveCfg = RO_RELEASE|x64
		{43FB02C0-A293-4704-8D07-457545331023}.RO_R|x64.Build.0 = RO_RELEASE|x64
		{43FB02C0-A293-4704-8D07-457545331023}.RO_RD_AH|Win32.ActiveCfg = RO_RELEASE|Win32
		{43FB02C0-A293-4704-8D07-457545331023}.RO_RD_AH|Win32.Build.0 = RO_RELEASE|Win32
		{43FB02C0-A293-4704-8D07-457545331023}.RO_RD_AH|x64.ActiveCfg = RO_RELEASE|Win32
		{43FB02C0-A293-4704-8D07-457545331023}.RO_RD_AH|x64.Build.0 = RO_RELEASE|Win32
		{43FB02C0-A293-4704-8D07-457545331023}.RO_RELEASE|Win32.ActiveCfg = RO_RELEASE|Win32
		{43FB02C0-A293-4704-8D07-457545331023}.RO_RELEASE|Win32.Build.0 = RO_RELEASE|Win32
		{43FB02C0-A293-4704-8D07-457545331023}.RO_RELEASE|x64.ActiveCfg = RO_RELEASE|x64
		{43FB02C0-A293-4704-8D07-457545331023}.RO_RELEASE|x64.Build.0 = RO_RELEASE|x64
		{43FB02C0-A293-4704-8D07-457545331023}.RU_D|Win32.ActiveCfg = RU_D|Win32
		{43FB02C0-A293-4704-8D07-457545331023}.RU_D|x64.ActiveCfg = RU_D|x64
		{43FB02C0-A293-4704-8D07-457545331023}.RU_R|Win32.ActiveCfg = Release|Win32
		{43FB02C0-A293-4704-8D07-457545331023}.RU_R|x64.ActiveCfg = ReleaseRU|x64
		{43FB02C0-A293-4704-8D07-457545331023}.RU_R|x64.Build.0 = ReleaseRU|x64
		{43FB02C0-A293-4704-8D07-457545331023}.THA_DEBUG|Win32.ActiveCfg = THA_DEBUG|Win32
		{43FB02C0-A293-4704-8D07-457545331023}.THA_DEBUG|Win32.Build.0 = THA_DEBUG|Win32
		{43FB02C0-A293-4704-8D07-457545331023}.THA_DEBUG|x64.ActiveCfg = THA_DEBUG|x64
		{43FB02C0-A293-4704-8D07-457545331023}.THA_DEBUG|x64.Build.0 = THA_DEBUG|x64
		{43FB02C0-A293-4704-8D07-457545331023}.THA_R_AH_PAK|Win32.ActiveCfg = THA_R_AH_PAK|Win32
		{43FB02C0-A293-4704-8D07-457545331023}.THA_R_AH_PAK|Win32.Build.0 = THA_R_AH_PAK|Win32
		{43FB02C0-A293-4704-8D07-457545331023}.THA_R_AH_PAK|x64.ActiveCfg = THA_R_AH_PAK|x64
		{43FB02C0-A293-4704-8D07-457545331023}.THA_R_AH_PAK|x64.Build.0 = THA_R_AH_PAK|x64
		{43FB02C0-A293-4704-8D07-457545331023}.VTM_R|Win32.ActiveCfg = VTM_R|Win32
		{43FB02C0-A293-4704-8D07-457545331023}.VTM_R|Win32.Build.0 = VTM_R|Win32
		{43FB02C0-A293-4704-8D07-457545331023}.VTM_R|x64.ActiveCfg = VTM_R|x64
		{43FB02C0-A293-4704-8D07-457545331023}.VTM_R|x64.Build.0 = VTM_R|x64
		{D3A6F417-064A-4074-93A8-044D1BBE930D}.AR_R_AH_PAK|Win32.ActiveCfg = Release|Win32
		{D3A6F417-064A-4074-93A8-044D1BBE930D}.AR_R_AH_PAK|Win32.Build.0 = Release|Win32
		{D3A6F417-064A-4074-93A8-044D1BBE930D}.AR_R_AH_PAK|x64.ActiveCfg = Release|Win32
		{D3A6F417-064A-4074-93A8-044D1BBE930D}.CA_R_AH|Win32.ActiveCfg = CA_R_AH|Win32
		{D3A6F417-064A-4074-93A8-044D1BBE930D}.CA_R_AH|Win32.Build.0 = CA_R_AH|Win32
		{D3A6F417-064A-4074-93A8-044D1BBE930D}.CA_R_AH|x64.ActiveCfg = CA_R_AH|Win32
		{D3A6F417-064A-4074-93A8-044D1BBE930D}.CHN_D|Win32.ActiveCfg = CHN_D|Win32
		{D3A6F417-064A-4074-93A8-044D1BBE930D}.CHN_D|Win32.Build.0 = CHN_D|Win32
		{D3A6F417-064A-4074-93A8-044D1BBE930D}.CHN_D|x64.ActiveCfg = CHN_D|Win32
		{D3A6F417-064A-4074-93A8-044D1BBE930D}.CHN_R_AH|Win32.ActiveCfg = CHN_R_AH|Win32
		{D3A6F417-064A-4074-93A8-044D1BBE930D}.CHN_R_AH|Win32.Build.0 = CHN_R_AH|Win32
		{D3A6F417-064A-4074-93A8-044D1BBE930D}.CHN_R_AH|x64.ActiveCfg = CHN_R_AH|Win32
		{D3A6F417-064A-4074-93A8-044D1BBE930D}.CHN_SD|Win32.ActiveCfg = CHN_SD|Win32
		{D3A6F417-064A-4074-93A8-044D1BBE930D}.CHN_SD|Win32.Build.0 = CHN_SD|Win32
		{D3A6F417-064A-4074-93A8-044D1BBE930D}.CHN_SD|x64.ActiveCfg = CHN_SD|Win32
		{D3A6F417-064A-4074-93A8-044D1BBE930D}.CHN_SRC_R_AH|Win32.ActiveCfg = CHN_SRC_R_AH|Win32
		{D3A6F417-064A-4074-93A8-044D1BBE930D}.CHN_SRC_R_AH|Win32.Build.0 = CHN_SRC_R_AH|Win32
		{D3A6F417-064A-4074-93A8-044D1BBE930D}.CHN_SRC_R_AH|x64.ActiveCfg = CHN_SRC_R_AH|Win32
		{D3A6F417-064A-4074-93A8-044D1BBE930D}.CHN_TNT_D|Win32.ActiveCfg = CHN_TNT_D|Win32
		{D3A6F417-064A-4074-93A8-044D1BBE930D}.CHN_TNT_D|Win32.Build.0 = CHN_TNT_D|Win32
		{D3A6F417-064A-4074-93A8-044D1BBE930D}.CHN_TNT_D|x64.ActiveCfg = CHN_TNT_D|Win32
		{D3A6F417-064A-4074-93A8-044D1BBE930D}.CHN_TNT|Win32.ActiveCfg = CHN_TNT|Win32
		{D3A6F417-064A-4074-93A8-044D1BBE930D}.CHN_TNT|Win32.Build.0 = CHN_TNT|Win32
		{D3A6F417-064A-4074-93A8-044D1BBE930D}.CHN_TNT|x64.ActiveCfg = CHN_TNT|Win32
		{D3A6F417-064A-4074-93A8-044D1BBE930D}.Debug|Win32.ActiveCfg = Debug|Win32
		{D3A6F417-064A-4074-93A8-044D1BBE930D}.Debug|Win32.Build.0 = Debug|Win32
		{D3A6F417-064A-4074-93A8-044D1BBE930D}.Debug|x64.ActiveCfg = Debug|Win32
		{D3A6F417-064A-4074-93A8-044D1BBE930D}.GUARD_RELEASE|Win32.ActiveCfg = GUARD_RELEASE|Win32
		{D3A6F417-064A-4074-93A8-044D1BBE930D}.GUARD_RELEASE|Win32.Build.0 = GUARD_RELEASE|Win32
		{D3A6F417-064A-4074-93A8-044D1BBE930D}.GUARD_RELEASE|x64.ActiveCfg = GUARD_RELEASE|Win32
		{D3A6F417-064A-4074-93A8-044D1BBE930D}.Mac|Win32.ActiveCfg = Release|Win32
		{D3A6F417-064A-4074-93A8-044D1BBE930D}.Mac|Win32.Build.0 = Release|Win32
		{D3A6F417-064A-4074-93A8-044D1BBE930D}.Mac|x64.ActiveCfg = Release|Win32
		{D3A6F417-064A-4074-93A8-044D1BBE930D}.MSTERE_D|Win32.ActiveCfg = MSTERE_D|Win32
		{D3A6F417-064A-4074-93A8-044D1BBE930D}.MSTERE_D|Win32.Build.0 = MSTERE_D|Win32
		{D3A6F417-064A-4074-93A8-044D1BBE930D}.MSTERE_D|x64.ActiveCfg = MSTERE_D|Win32
		{D3A6F417-064A-4074-93A8-044D1BBE930D}.MSTERE_R_AH|Win32.ActiveCfg = MSTERE_R_AH|Win32
		{D3A6F417-064A-4074-93A8-044D1BBE930D}.MSTERE_R_AH|Win32.Build.0 = MSTERE_R_AH|Win32
		{D3A6F417-064A-4074-93A8-044D1BBE930D}.MSTERE_R_AH|x64.ActiveCfg = MSTERE_R_AH|Win32
		{D3A6F417-064A-4074-93A8-044D1BBE930D}.Release|Win32.ActiveCfg = Release|Win32
		{D3A6F417-064A-4074-93A8-044D1BBE930D}.Release|Win32.Build.0 = Release|Win32
		{D3A6F417-064A-4074-93A8-044D1BBE930D}.Release|x64.ActiveCfg = Release|Win32
		{D3A6F417-064A-4074-93A8-044D1BBE930D}.ReleaseRU|Win32.ActiveCfg = Release|Win32
		{D3A6F417-064A-4074-93A8-044D1BBE930D}.ReleaseRU|Win32.Build.0 = Release|Win32
		{D3A6F417-064A-4074-93A8-044D1BBE930D}.ReleaseRU|x64.ActiveCfg = Release|Win32
		{D3A6F417-064A-4074-93A8-044D1BBE930D}.RO_D|Win32.ActiveCfg = Release|Win32
		{D3A6F417-064A-4074-93A8-044D1BBE930D}.RO_D|Win32.Build.0 = Release|Win32
		{D3A6F417-064A-4074-93A8-044D1BBE930D}.RO_D|x64.ActiveCfg = Release|Win32
		{D3A6F417-064A-4074-93A8-044D1BBE930D}.RO_R_AH|Win32.ActiveCfg = Release|Win32
		{D3A6F417-064A-4074-93A8-044D1BBE930D}.RO_R_AH|Win32.Build.0 = Release|Win32
		{D3A6F417-064A-4074-93A8-044D1BBE930D}.RO_R_AH|x64.ActiveCfg = Release|Win32
		{D3A6F417-064A-4074-93A8-044D1BBE930D}.RO_R|Win32.ActiveCfg = Release|Win32
		{D3A6F417-064A-4074-93A8-044D1BBE930D}.RO_R|Win32.Build.0 = Release|Win32
		{D3A6F417-064A-4074-93A8-044D1BBE930D}.RO_R|x64.ActiveCfg = Release|Win32
		{D3A6F417-064A-4074-93A8-044D1BBE930D}.RO_RD_AH|Win32.ActiveCfg = Release|Win32
		{D3A6F417-064A-4074-93A8-044D1BBE930D}.RO_RD_AH|Win32.Build.0 = Release|Win32
		{D3A6F417-064A-4074-93A8-044D1BBE930D}.RO_RD_AH|x64.ActiveCfg = Release|Win32
		{D3A6F417-064A-4074-93A8-044D1BBE930D}.RO_RELEASE|Win32.ActiveCfg = Release|Win32
		{D3A6F417-064A-4074-93A8-044D1BBE930D}.RO_RELEASE|Win32.Build.0 = Release|Win32
		{D3A6F417-064A-4074-93A8-044D1BBE930D}.RO_RELEASE|x64.ActiveCfg = Release|Win32
		{D3A6F417-064A-4074-93A8-044D1BBE930D}.RU_D|Win32.ActiveCfg = RU_D|Win32
		{D3A6F417-064A-4074-93A8-044D1BBE930D}.RU_D|Win32.Build.0 = RU_D|Win32
		{D3A6F417-064A-4074-93A8-044D1BBE930D}.RU_D|x64.ActiveCfg = RU_D|Win32
		{D3A6F417-064A-4074-93A8-044D1BBE930D}.RU_R|Win32.ActiveCfg = Release|Win32
		{D3A6F417-064A-4074-93A8-044D1BBE930D}.RU_R|Win32.Build.0 = Release|Win32
		{D3A6F417-064A-4074-93A8-044D1BBE930D}.RU_R|x64.ActiveCfg = Release|Win32
		{D3A6F417-064A-4074-93A8-044D1BBE930D}.THA_DEBUG|Win32.ActiveCfg = THA_DEBUG|Win32
		{D3A6F417-064A-4074-93A8-044D1BBE930D}.THA_DEBUG|Win32.Build.0 = THA_DEBUG|Win32
		{D3A6F417-064A-4074-93A8-044D1BBE930D}.THA_DEBUG|x64.ActiveCfg = THA_DEBUG|Win32
		{D3A6F417-064A-4074-93A8-044D1BBE930D}.THA_R_AH_PAK|Win32.ActiveCfg = THA_R_AH_PAK|Win32
		{D3A6F417-064A-4074-93A8-044D1BBE930D}.THA_R_AH_PAK|Win32.Build.0 = THA_R_AH_PAK|Win32
		{D3A6F417-064A-4074-93A8-044D1BBE930D}.THA_R_AH_PAK|x64.ActiveCfg = THA_R_AH_PAK|Win32
		{D3A6F417-064A-4074-93A8-044D1BBE930D}.VTM_R|Win32.ActiveCfg = Release|Win32
		{D3A6F417-064A-4074-93A8-044D1BBE930D}.VTM_R|Win32.Build.0 = Release|Win32
		{D3A6F417-064A-4074-93A8-044D1BBE930D}.VTM_R|x64.ActiveCfg = Release|Win32
	EndGlobalSection
	GlobalSection(SolutionProperties) = preSolution
		HideSolutionNode = FALSE
	EndGlobalSection
EndGlobal
